{
  "requires": true,
  "lockfileVersion": 1,
  "dependencies": {
    "react-card-flip": {
      "version": "1.1.5",
      "resolved": "https://registry.npmmirror.com/react-card-flip/download/react-card-flip-1.1.5.tgz",
      "integrity": "sha512-cv3t8nCrO7Zqix4IT0Z9JQAul7k/WYzvnYIVUFobkjY1N3UC+5SnsASKkRt2ZOe3SHEe1fIql7Auieok6lKftg=="
    }
  }
}
